
Microsoft Visual Studio Solution File, Format Version 12.00
# Visual Studio Version 17
VisualStudioVersion = 17.0.31903.59
MinimumVisualStudioVersion = 10.0.40219.1
Project("{2150E333-8FDC-42A3-9474-1A3956D46DE8}") = "src", "src", "{827E0CD3-B72D-47B6-A68D-7590B98EB39B}"
EndProject
Project("{FAE04EC0-301F-11D3-BF4B-00C04F79EFBC}") = "Supermarket.Api", "src\Supermarket.Api\Supermarket.Api.csproj", "{BFE6213F-9D1F-4379-ADAE-94D6EF9B2467}"
EndProject
Project("{FAE04EC0-301F-11D3-BF4B-00C04F79EFBC}") = "Supermarket.Application", "src\Supermarket.Application\Supermarket.Application.csproj", "{14BAE320-E196-4FEC-A064-1AA60C2A2E4A}"
EndProject
Project("{FAE04EC0-301F-11D3-BF4B-00C04F79EFBC}") = "Supermarket.Domain", "src\Supermarket.Domain\Supermarket.Domain.csproj", "{9CDDA913-C650-4CFB-8FD1-793130A73AF0}"
EndProject
Project("{FAE04EC0-301F-11D3-BF4B-00C04F79EFBC}") = "Supermarket.Infrastructure", "src\Supermarket.Infrastructure\Supermarket.Infrastructure.csproj", "{22D32BF5-BE50-4550-B4DA-4E855729A035}"
EndProject
Project("{FAE04EC0-301F-11D3-BF4B-00C04F79EFBC}") = "Supermarket.Contracts", "src\Supermarket.Contracts\Supermarket.Contracts.csproj", "{10A1239D-86D3-4DF5-8848-53CCCAF641C6}"
EndProject
Project("{2150E333-8FDC-42A3-9474-1A3956D46DE8}") = "tests", "tests", "{0AB3BF05-4346-4AA6-1389-037BE0695223}"
EndProject
Project("{FAE04EC0-301F-11D3-BF4B-00C04F79EFBC}") = "Supermarket.UnitTests", "tests\Supermarket.UnitTests\Supermarket.UnitTests.csproj", "{47B50A4B-A6C6-4656-8EF9-480A3C02364A}"
EndProject
Project("{FAE04EC0-301F-11D3-BF4B-00C04F79EFBC}") = "Supermarket.IntegrationTests", "tests\Supermarket.IntegrationTests\Supermarket.IntegrationTests.csproj", "{B2523D5A-020A-4C84-B8EF-597FB96F7E02}"
EndProject
Project("{FAE04EC0-301F-11D3-BF4B-00C04F79EFBC}") = "Supermarket.ApiTests", "tests\Supermarket.ApiTests\Supermarket.ApiTests.csproj", "{7CB3A0A9-587A-4565-809B-E1EDD91B0D75}"
EndProject
Project("{2150E333-8FDC-42A3-9474-1A3956D46DE8}") = "tools", "tools", "{07C2787E-EAC7-C090-1BA3-A61EC2A24D84}"
EndProject
Project("{FAE04EC0-301F-11D3-BF4B-00C04F79EFBC}") = "BazarFlow.DbMigrator", "tools\BazarFlow.DbMigrator\BazarFlow.DbMigrator.csproj", "{0F2DD2F7-4D69-4856-A750-E09DB4487FA9}"
EndProject
Global
	GlobalSection(SolutionConfigurationPlatforms) = preSolution
		Debug|Any CPU = Debug|Any CPU
		Debug|x64 = Debug|x64
		Debug|x86 = Debug|x86
		Release|Any CPU = Release|Any CPU
		Release|x64 = Release|x64
		Release|x86 = Release|x86
	EndGlobalSection
	GlobalSection(ProjectConfigurationPlatforms) = postSolution
		{BFE6213F-9D1F-4379-ADAE-94D6EF9B2467}.Debug|Any CPU.ActiveCfg = Debug|Any CPU
		{BFE6213F-9D1F-4379-ADAE-94D6EF9B2467}.Debug|Any CPU.Build.0 = Debug|Any CPU
		{BFE6213F-9D1F-4379-ADAE-94D6EF9B2467}.Debug|x64.ActiveCfg = Debug|Any CPU
		{BFE6213F-9D1F-4379-ADAE-94D6EF9B2467}.Debug|x64.Build.0 = Debug|Any CPU
		{BFE6213F-9D1F-4379-ADAE-94D6EF9B2467}.Debug|x86.ActiveCfg = Debug|Any CPU
		{BFE6213F-9D1F-4379-ADAE-94D6EF9B2467}.Debug|x86.Build.0 = Debug|Any CPU
		{BFE6213F-9D1F-4379-ADAE-94D6EF9B2467}.Release|Any CPU.ActiveCfg = Release|Any CPU
		{BFE6213F-9D1F-4379-ADAE-94D6EF9B2467}.Release|Any CPU.Build.0 = Release|Any CPU
		{BFE6213F-9D1F-4379-ADAE-94D6EF9B2467}.Release|x64.ActiveCfg = Release|Any CPU
		{BFE6213F-9D1F-4379-ADAE-94D6EF9B2467}.Release|x64.Build.0 = Release|Any CPU
		{BFE6213F-9D1F-4379-ADAE-94D6EF9B2467}.Release|x86.ActiveCfg = Release|Any CPU
		{BFE6213F-9D1F-4379-ADAE-94D6EF9B2467}.Release|x86.Build.0 = Release|Any CPU
		{14BAE320-E196-4FEC-A064-1AA60C2A2E4A}.Debug|Any CPU.ActiveCfg = Debug|Any CPU
		{14BAE320-E196-4FEC-A064-1AA60C2A2E4A}.Debug|Any CPU.Build.0 = Debug|Any CPU
		{14BAE320-E196-4FEC-A064-1AA60C2A2E4A}.Debug|x64.ActiveCfg = Debug|Any CPU
		{14BAE320-E196-4FEC-A064-1AA60C2A2E4A}.Debug|x64.Build.0 = Debug|Any CPU
		{14BAE320-E196-4FEC-A064-1AA60C2A2E4A}.Debug|x86.ActiveCfg = Debug|Any CPU
		{14BAE320-E196-4FEC-A064-1AA60C2A2E4A}.Debug|x86.Build.0 = Debug|Any CPU
		{14BAE320-E196-4FEC-A064-1AA60C2A2E4A}.Release|Any CPU.ActiveCfg = Release|Any CPU
		{14BAE320-E196-4FEC-A064-1AA60C2A2E4A}.Release|Any CPU.Build.0 = Release|Any CPU
		{14BAE320-E196-4FEC-A064-1AA60C2A2E4A}.Release|x64.ActiveCfg = Release|Any CPU
		{14BAE320-E196-4FEC-A064-1AA60C2A2E4A}.Release|x64.Build.0 = Release|Any CPU
		{14BAE320-E196-4FEC-A064-1AA60C2A2E4A}.Release|x86.ActiveCfg = Release|Any CPU
		{14BAE320-E196-4FEC-A064-1AA60C2A2E4A}.Release|x86.Build.0 = Release|Any CPU
		{9CDDA913-C650-4CFB-8FD1-793130A73AF0}.Debug|Any CPU.ActiveCfg = Debug|Any CPU
		{9CDDA913-C650-4CFB-8FD1-793130A73AF0}.Debug|Any CPU.Build.0 = Debug|Any CPU
		{9CDDA913-C650-4CFB-8FD1-793130A73AF0}.Debug|x64.ActiveCfg = Debug|Any CPU
		{9CDDA913-C650-4CFB-8FD1-793130A73AF0}.Debug|x64.Build.0 = Debug|Any CPU
		{9CDDA913-C650-4CFB-8FD1-793130A73AF0}.Debug|x86.ActiveCfg = Debug|Any CPU
		{9CDDA913-C650-4CFB-8FD1-793130A73AF0}.Debug|x86.Build.0 = Debug|Any CPU
		{9CDDA913-C650-4CFB-8FD1-793130A73AF0}.Release|Any CPU.ActiveCfg = Release|Any CPU
		{9CDDA913-C650-4CFB-8FD1-793130A73AF0}.Release|Any CPU.Build.0 = Release|Any CPU
		{9CDDA913-C650-4CFB-8FD1-793130A73AF0}.Release|x64.ActiveCfg = Release|Any CPU
		{9CDDA913-C650-4CFB-8FD1-793130A73AF0}.Release|x64.Build.0 = Release|Any CPU
		{9CDDA913-C650-4CFB-8FD1-793130A73AF0}.Release|x86.ActiveCfg = Release|Any CPU
		{9CDDA913-C650-4CFB-8FD1-793130A73AF0}.Release|x86.Build.0 = Release|Any CPU
		{22D32BF5-BE50-4550-B4DA-4E855729A035}.Debug|Any CPU.ActiveCfg = Debug|Any CPU
		{22D32BF5-BE50-4550-B4DA-4E855729A035}.Debug|Any CPU.Build.0 = Debug|Any CPU
		{22D32BF5-BE50-4550-B4DA-4E855729A035}.Debug|x64.ActiveCfg = Debug|Any CPU
		{22D32BF5-BE50-4550-B4DA-4E855729A035}.Debug|x64.Build.0 = Debug|Any CPU
		{22D32BF5-BE50-4550-B4DA-4E855729A035}.Debug|x86.ActiveCfg = Debug|Any CPU
		{22D32BF5-BE50-4550-B4DA-4E855729A035}.Debug|x86.Build.0 = Debug|Any CPU
		{22D32BF5-BE50-4550-B4DA-4E855729A035}.Release|Any CPU.ActiveCfg = Release|Any CPU
		{22D32BF5-BE50-4550-B4DA-4E855729A035}.Release|Any CPU.Build.0 = Release|Any CPU
		{22D32BF5-BE50-4550-B4DA-4E855729A035}.Release|x64.ActiveCfg = Release|Any CPU
		{22D32BF5-BE50-4550-B4DA-4E855729A035}.Release|x64.Build.0 = Release|Any CPU
		{22D32BF5-BE50-4550-B4DA-4E855729A035}.Release|x86.ActiveCfg = Release|Any CPU
		{22D32BF5-BE50-4550-B4DA-4E855729A035}.Release|x86.Build.0 = Release|Any CPU
		{10A1239D-86D3-4DF5-8848-53CCCAF641C6}.Debug|Any CPU.ActiveCfg = Debug|Any CPU
		{10A1239D-86D3-4DF5-8848-53CCCAF641C6}.Debug|Any CPU.Build.0 = Debug|Any CPU
		{10A1239D-86D3-4DF5-8848-53CCCAF641C6}.Debug|x64.ActiveCfg = Debug|Any CPU
		{10A1239D-86D3-4DF5-8848-53CCCAF641C6}.Debug|x64.Build.0 = Debug|Any CPU
		{10A1239D-86D3-4DF5-8848-53CCCAF641C6}.Debug|x86.ActiveCfg = Debug|Any CPU
		{10A1239D-86D3-4DF5-8848-53CCCAF641C6}.Debug|x86.Build.0 = Debug|Any CPU
		{10A1239D-86D3-4DF5-8848-53CCCAF641C6}.Release|Any CPU.ActiveCfg = Release|Any CPU
		{10A1239D-86D3-4DF5-8848-53CCCAF641C6}.Release|Any CPU.Build.0 = Release|Any CPU
		{10A1239D-86D3-4DF5-8848-53CCCAF641C6}.Release|x64.ActiveCfg = Release|Any CPU
		{10A1239D-86D3-4DF5-8848-53CCCAF641C6}.Release|x64.Build.0 = Release|Any CPU
		{10A1239D-86D3-4DF5-8848-53CCCAF641C6}.Release|x86.ActiveCfg = Release|Any CPU
		{10A1239D-86D3-4DF5-8848-53CCCAF641C6}.Release|x86.Build.0 = Release|Any CPU
		{47B50A4B-A6C6-4656-8EF9-480A3C02364A}.Debug|Any CPU.ActiveCfg = Debug|Any CPU
		{47B50A4B-A6C6-4656-8EF9-480A3C02364A}.Debug|Any CPU.Build.0 = Debug|Any CPU
		{47B50A4B-A6C6-4656-8EF9-480A3C02364A}.Debug|x64.ActiveCfg = Debug|Any CPU
		{47B50A4B-A6C6-4656-8EF9-480A3C02364A}.Debug|x64.Build.0 = Debug|Any CPU
		{47B50A4B-A6C6-4656-8EF9-480A3C02364A}.Debug|x86.ActiveCfg = Debug|Any CPU
		{47B50A4B-A6C6-4656-8EF9-480A3C02364A}.Debug|x86.Build.0 = Debug|Any CPU
		{47B50A4B-A6C6-4656-8EF9-480A3C02364A}.Release|Any CPU.ActiveCfg = Release|Any CPU
		{47B50A4B-A6C6-4656-8EF9-480A3C02364A}.Release|Any CPU.Build.0 = Release|Any CPU
		{47B50A4B-A6C6-4656-8EF9-480A3C02364A}.Release|x64.ActiveCfg = Release|Any CPU
		{47B50A4B-A6C6-4656-8EF9-480A3C02364A}.Release|x64.Build.0 = Release|Any CPU
		{47B50A4B-A6C6-4656-8EF9-480A3C02364A}.Release|x86.ActiveCfg = Release|Any CPU
		{47B50A4B-A6C6-4656-8EF9-480A3C02364A}.Release|x86.Build.0 = Release|Any CPU
		{B2523D5A-020A-4C84-B8EF-597FB96F7E02}.Debug|Any CPU.ActiveCfg = Debug|Any CPU
		{B2523D5A-020A-4C84-B8EF-597FB96F7E02}.Debug|Any CPU.Build.0 = Debug|Any CPU
		{B2523D5A-020A-4C84-B8EF-597FB96F7E02}.Debug|x64.ActiveCfg = Debug|Any CPU
		{B2523D5A-020A-4C84-B8EF-597FB96F7E02}.Debug|x64.Build.0 = Debug|Any CPU
		{B2523D5A-020A-4C84-B8EF-597FB96F7E02}.Debug|x86.ActiveCfg = Debug|Any CPU
		{B2523D5A-020A-4C84-B8EF-597FB96F7E02}.Debug|x86.Build.0 = Debug|Any CPU
		{B2523D5A-020A-4C84-B8EF-597FB96F7E02}.Release|Any CPU.ActiveCfg = Release|Any CPU
		{B2523D5A-020A-4C84-B8EF-597FB96F7E02}.Release|Any CPU.Build.0 = Release|Any CPU
		{B2523D5A-020A-4C84-B8EF-597FB96F7E02}.Release|x64.ActiveCfg = Release|Any CPU
		{B2523D5A-020A-4C84-B8EF-597FB96F7E02}.Release|x64.Build.0 = Release|Any CPU
		{B2523D5A-020A-4C84-B8EF-597FB96F7E02}.Release|x86.ActiveCfg = Release|Any CPU
		{B2523D5A-020A-4C84-B8EF-597FB96F7E02}.Release|x86.Build.0 = Release|Any CPU
		{7CB3A0A9-587A-4565-809B-E1EDD91B0D75}.Debug|Any CPU.ActiveCfg = Debug|Any CPU
		{7CB3A0A9-587A-4565-809B-E1EDD91B0D75}.Debug|Any CPU.Build.0 = Debug|Any CPU
		{7CB3A0A9-587A-4565-809B-E1EDD91B0D75}.Debug|x64.ActiveCfg = Debug|Any CPU
		{7CB3A0A9-587A-4565-809B-E1EDD91B0D75}.Debug|x64.Build.0 = Debug|Any CPU
		{7CB3A0A9-587A-4565-809B-E1EDD91B0D75}.Debug|x86.ActiveCfg = Debug|Any CPU
		{7CB3A0A9-587A-4565-809B-E1EDD91B0D75}.Debug|x86.Build.0 = Debug|Any CPU
		{7CB3A0A9-587A-4565-809B-E1EDD91B0D75}.Release|Any CPU.ActiveCfg = Release|Any CPU
		{7CB3A0A9-587A-4565-809B-E1EDD91B0D75}.Release|Any CPU.Build.0 = Release|Any CPU
		{7CB3A0A9-587A-4565-809B-E1EDD91B0D75}.Release|x64.ActiveCfg = Release|Any CPU
		{7CB3A0A9-587A-4565-809B-E1EDD91B0D75}.Release|x64.Build.0 = Release|Any CPU
		{7CB3A0A9-587A-4565-809B-E1EDD91B0D75}.Release|x86.ActiveCfg = Release|Any CPU
		{7CB3A0A9-587A-4565-809B-E1EDD91B0D75}.Release|x86.Build.0 = Release|Any CPU
		{0F2DD2F7-4D69-4856-A750-E09DB4487FA9}.Debug|Any CPU.ActiveCfg = Debug|Any CPU
		{0F2DD2F7-4D69-4856-A750-E09DB4487FA9}.Debug|Any CPU.Build.0 = Debug|Any CPU
		{0F2DD2F7-4D69-4856-A750-E09DB4487FA9}.Debug|x64.ActiveCfg = Debug|Any CPU
		{0F2DD2F7-4D69-4856-A750-E09DB4487FA9}.Debug|x64.Build.0 = Debug|Any CPU
		{0F2DD2F7-4D69-4856-A750-E09DB4487FA9}.Debug|x86.ActiveCfg = Debug|Any CPU
		{0F2DD2F7-4D69-4856-A750-E09DB4487FA9}.Debug|x86.Build.0 = Debug|Any CPU
		{0F2DD2F7-4D69-4856-A750-E09DB4487FA9}.Release|Any CPU.ActiveCfg = Release|Any CPU
		{0F2DD2F7-4D69-4856-A750-E09DB4487FA9}.Release|Any CPU.Build.0 = Release|Any CPU
		{0F2DD2F7-4D69-4856-A750-E09DB4487FA9}.Release|x64.ActiveCfg = Release|Any CPU
		{0F2DD2F7-4D69-4856-A750-E09DB4487FA9}.Release|x64.Build.0 = Release|Any CPU
		{0F2DD2F7-4D69-4856-A750-E09DB4487FA9}.Release|x86.ActiveCfg = Release|Any CPU
		{0F2DD2F7-4D69-4856-A750-E09DB4487FA9}.Release|x86.Build.0 = Release|Any CPU
	EndGlobalSection
	GlobalSection(SolutionProperties) = preSolution
		HideSolutionNode = FALSE
	EndGlobalSection
	GlobalSection(NestedProjects) = preSolution
		{BFE6213F-9D1F-4379-ADAE-94D6EF9B2467} = {827E0CD3-B72D-47B6-A68D-7590B98EB39B}
		{14BAE320-E196-4FEC-A064-1AA60C2A2E4A} = {827E0CD3-B72D-47B6-A68D-7590B98EB39B}
		{9CDDA913-C650-4CFB-8FD1-793130A73AF0} = {827E0CD3-B72D-47B6-A68D-7590B98EB39B}
		{22D32BF5-BE50-4550-B4DA-4E855729A035} = {827E0CD3-B72D-47B6-A68D-7590B98EB39B}
		{10A1239D-86D3-4DF5-8848-53CCCAF641C6} = {827E0CD3-B72D-47B6-A68D-7590B98EB39B}
		{47B50A4B-A6C6-4656-8EF9-480A3C02364A} = {0AB3BF05-4346-4AA6-1389-037BE0695223}
		{B2523D5A-020A-4C84-B8EF-597FB96F7E02} = {0AB3BF05-4346-4AA6-1389-037BE0695223}
		{7CB3A0A9-587A-4565-809B-E1EDD91B0D75} = {0AB3BF05-4346-4AA6-1389-037BE0695223}
		{0F2DD2F7-4D69-4856-A750-E09DB4487FA9} = {07C2787E-EAC7-C090-1BA3-A61EC2A24D84}
	EndGlobalSection
EndGlobal
